
Microsoft Visual Studio Solution File, Format Version 12.00
# Visual Studio 15
VisualStudioVersion = 15.0.27130.2026
MinimumVisualStudioVersion = 10.0.40219.1
Project("{8BC9CEB8-8B4A-11D0-8D11-00A0C91BC942}") = "UserInputLength", "UserInputLength\UserInputLength.vcxproj", "{D84B45E6-DFDF-47EF-B1BC-538E75F5122D}"
EndProject
Global
	GlobalSection(SolutionConfigurationPlatforms) = preSolution
		Debug|x64 = Debug|x64
		Debug|x86 = Debug|x86
		Release|x64 = Release|x64
		Release|x86 = Release|x86
	EndGlobalSection
	GlobalSection(ProjectConfigurationPlatforms) = postSolution
		{D84B45E6-DFDF-47EF-B1BC-538E75F5122D}.Debug|x64.ActiveCfg = Debug|x64
		{D84B45E6-DFDF-47EF-B1BC-538E75F5122D}.Debug|x64.Build.0 = Debug|x64
		{D84B45E6-DFDF-47EF-B1BC-538E75F5122D}.Debug|x86.ActiveCfg = Debug|Win32
		{D84B45E6-DFDF-47EF-B1BC-538E75F5122D}.Debug|x86.Build.0 = Debug|Win32
		{D84B45E6-DFDF-47EF-B1BC-538E75F5122D}.Release|x64.ActiveCfg = Release|x64
		{D84B45E6-DFDF-47EF-B1BC-538E75F5122D}.Release|x64.Build.0 = Release|x64
		{D84B45E6-DFDF-47EF-B1BC-538E75F5122D}.Release|x86.ActiveCfg = Release|Win32
		{D84B45E6-DFDF-47EF-B1BC-538E75F5122D}.Release|x86.Build.0 = Release|Win32
	EndGlobalSection
	GlobalSection(SolutionProperties) = preSolution
		HideSolutionNode = FALSE
	EndGlobalSection
	GlobalSection(ExtensibilityGlobals) = postSolution
		SolutionGuid = {F588C17D-AAF4-45BF-8002-038488D0CFEB}
	EndGlobalSection
EndGlobal
